
Microsoft Visual Studio Solution File, Format Version 12.00
# Visual Studio 15
VisualStudioVersion = 15.0.26124.0
MinimumVisualStudioVersion = 15.0.26124.0
Project("{FAE04EC0-301F-11D3-BF4B-00C04F79EFBC}") = "Dossier", "src\Dossier\Dossier.csproj", "{62FB1E7A-78B8-4AA8-BEAF-ADAF4E806A85}"
EndProject
Project("{FAE04EC0-301F-11D3-BF4B-00C04F79EFBC}") = "DossierTests", "src\DossierTests\DossierTests.csproj", "{923F8BC7-6AB2-4C19-B211-E42113B94044}"
EndProject
Global
	GlobalSection(SolutionConfigurationPlatforms) = preSolution
		Debug|Any CPU = Debug|Any CPU
		Debug|x64 = Debug|x64
		Debug|x86 = Debug|x86
		Release|Any CPU = Release|Any CPU
		Release|x64 = Release|x64
		Release|x86 = Release|x86
	EndGlobalSection
	GlobalSection(SolutionProperties) = preSolution
		HideSolutionNode = FALSE
	EndGlobalSection
	GlobalSection(ProjectConfigurationPlatforms) = postSolution
		{62FB1E7A-78B8-4AA8-BEAF-ADAF4E806A85}.Debug|Any CPU.ActiveCfg = Debug|Any CPU
		{62FB1E7A-78B8-4AA8-BEAF-ADAF4E806A85}.Debug|Any CPU.Build.0 = Debug|Any CPU
		{62FB1E7A-78B8-4AA8-BEAF-ADAF4E806A85}.Debug|x64.ActiveCfg = Debug|Any CPU
		{62FB1E7A-78B8-4AA8-BEAF-ADAF4E806A85}.Debug|x64.Build.0 = Debug|Any CPU
		{62FB1E7A-78B8-4AA8-BEAF-ADAF4E806A85}.Debug|x86.ActiveCfg = Debug|Any CPU
		{62FB1E7A-78B8-4AA8-BEAF-ADAF4E806A85}.Debug|x86.Build.0 = Debug|Any CPU
		{62FB1E7A-78B8-4AA8-BEAF-ADAF4E806A85}.Release|Any CPU.ActiveCfg = Release|Any CPU
		{62FB1E7A-78B8-4AA8-BEAF-ADAF4E806A85}.Release|Any CPU.Build.0 = Release|Any CPU
		{62FB1E7A-78B8-4AA8-BEAF-ADAF4E806A85}.Release|x64.ActiveCfg = Release|Any CPU
		{62FB1E7A-78B8-4AA8-BEAF-ADAF4E806A85}.Release|x64.Build.0 = Release|Any CPU
		{62FB1E7A-78B8-4AA8-BEAF-ADAF4E806A85}.Release|x86.ActiveCfg = Release|Any CPU
		{62FB1E7A-78B8-4AA8-BEAF-ADAF4E806A85}.Release|x86.Build.0 = Release|Any CPU
		{923F8BC7-6AB2-4C19-B211-E42113B94044}.Debug|Any CPU.ActiveCfg = Debug|Any CPU
		{923F8BC7-6AB2-4C19-B211-E42113B94044}.Debug|Any CPU.Build.0 = Debug|Any CPU
		{923F8BC7-6AB2-4C19-B211-E42113B94044}.Debug|x64.ActiveCfg = Debug|Any CPU
		{923F8BC7-6AB2-4C19-B211-E42113B94044}.Debug|x64.Build.0 = Debug|Any CPU
		{923F8BC7-6AB2-4C19-B211-E42113B94044}.Debug|x86.ActiveCfg = Debug|Any CPU
		{923F8BC7-6AB2-4C19-B211-E42113B94044}.Debug|x86.Build.0 = Debug|Any CPU
		{923F8BC7-6AB2-4C19-B211-E42113B94044}.Release|Any CPU.ActiveCfg = Release|Any CPU
		{923F8BC7-6AB2-4C19-B211-E42113B94044}.Release|Any CPU.Build.0 = Release|Any CPU
		{923F8BC7-6AB2-4C19-B211-E42113B94044}.Release|x64.ActiveCfg = Release|Any CPU
		{923F8BC7-6AB2-4C19-B211-E42113B94044}.Release|x64.Build.0 = Release|Any CPU
		{923F8BC7-6AB2-4C19-B211-E42113B94044}.Release|x86.ActiveCfg = Release|Any CPU
		{923F8BC7-6AB2-4C19-B211-E42113B94044}.Release|x86.Build.0 = Release|Any CPU
	EndGlobalSection
EndGlobal
